<?xml version="1.0" encoding="utf-8"?>
<Project ToolsVersion="4.0" xmlns="http://schemas.microsoft.com/developer/msbuild/2003">
  <ItemGroup>
    <Filter Include="GraphAlgorithms">
      <UniqueIdentifier>{1142b7fe-6cf9-4a84-bdf6-cd80f6eea068}</UniqueIdentifier>
    </Filter>
    <Filter Include="GraphGenerators">
      <UniqueIdentifier>{a3a15a59-9f68-429b-aafa-c99da898925b}</UniqueIdentifier>
    </Filter>
    <Filter Include="DataStructures">
      <UniqueIdentifier>{a8d531a5-0cdc-4738-89f0-e1d2aed9c530}</UniqueIdentifier>
    </Filter>
    <Filter Include="DataStructures\DataQueues">
      <UniqueIdentifier>{159854bc-810d-4f14-a26c-83c4127c4fd5}</UniqueIdentifier>
    </Filter>
    <Filter Include="DataStructures\DataStacks">
      <UniqueIdentifier>{a03bda88-0fb5-4497-80d0-5862660b06c1}</UniqueIdentifier>
    </Filter>
    <Filter Include="DataStructures\ThreadPool">
      <UniqueIdentifier>{31701830-2de7-4f90-9a91-604b3bcb2ab4}</UniqueIdentifier>
    </Filter>
    <Filter Include="DataStructures\VisistedArray">
      <UniqueIdentifier>{db08d650-0d59-4b33-86a3-6eac3eb8a971}</UniqueIdentifier>
    </Filter>
    <Filter Include="Server">
      <UniqueIdentifier>{7eb86345-91b5-4469-93eb-76236ca44b83}</UniqueIdentifier>
    </Filter>
    <Filter Include="GraphAlgorithms\DFS">
      <UniqueIdentifier>{b2cfc597-9249-489e-9c6d-de3a69c028ef}</UniqueIdentifier>
    </Filter>
    <Filter Include="GraphAlgorithms\BFS">
      <UniqueIdentifier>{5e3cb1e1-7796-4163-9bdb-0b2edae4107e}</UniqueIdentifier>
    </Filter>
    <Filter Include="Results">
      <UniqueIdentifier>{ab9ef65a-4153-4765-ad33-048e50e80bea}</UniqueIdentifier>
    </Filter>
    <Filter Include="ServerCommand">
      <UniqueIdentifier>{56c49243-84c7-42e2-aced-9970f832e492}</UniqueIdentifier>
    </Filter>
    <Filter Include="DataStructures\StackWithSplit">
      <UniqueIdentifier>{7c98cb89-35d9-494b-a9f6-0c899e0dcb6f}</UniqueIdentifier>
    </Filter>
  </ItemGroup>
  <ItemGroup>
    <ClInclude Include="GraphGenerator.h">
      <Filter>GraphGenerators</Filter>
    </ClInclude>
    <ClInclude Include="ThreadPool.h">
      <Filter>DataStructures\ThreadPool</Filter>
    </ClInclude>
    <ClInclude Include="JoinThreads.h">
      <Filter>DataStructures\ThreadPool</Filter>
    </ClInclude>
    <ClInclude Include="DataNode.h">
      <Filter>DataStructures</Filter>
    </ClInclude>
    <ClInclude Include="VisitedArrayCppThreads.h">
      <Filter>DataStructures\VisistedArray</Filter>
    </ClInclude>
    <ClInclude Include="DataStackSingleThread.h">
      <Filter>DataStructures\DataStacks</Filter>
    </ClInclude>
    <ClInclude Include="DataQueueSingleThread.h">
      <Filter>DataStructures\DataQueues</Filter>
    </ClInclude>
    <ClInclude Include="DataQueueCppThreads.h">
      <Filter>DataStructures\DataQueues</Filter>
    </ClInclude>
    <ClInclude Include="DataStackCppThreads.h">
      <Filter>DataStructures\DataStacks</Filter>
    </ClInclude>
    <ClInclude Include="VisitedArraySingleThread.h">
      <Filter>DataStructures\VisistedArray</Filter>
    </ClInclude>
    <ClInclude Include="GraphNode.h">
      <Filter>GraphGenerators</Filter>
    </ClInclude>
    <ClInclude Include="NodeResultReport.h">
      <Filter>Results</Filter>
    </ClInclude>
    <ClInclude Include="ResultReport.h">
      <Filter>Results</Filter>
    </ClInclude>
    <ClInclude Include="GraphAlgorithms.h">
      <Filter>GraphAlgorithms</Filter>
    </ClInclude>
    <ClInclude Include="DFS.h">
      <Filter>GraphAlgorithms\DFS</Filter>
    </ClInclude>
    <ClInclude Include="BFS.h">
      <Filter>GraphAlgorithms\BFS</Filter>
    </ClInclude>
    <ClInclude Include="ServerCommand.h">
      <Filter>ServerCommand</Filter>
    </ClInclude>
    <ClInclude Include="DFS_MT_Util.h">
      <Filter>GraphAlgorithms\DFS</Filter>
    </ClInclude>
    <ClInclude Include="StackWithSplit.h">
      <Filter>DataStructures\StackWithSplit</Filter>
    </ClInclude>
    <ClInclude Include="Semaphore.h">
      <Filter>DataStructures</Filter>
    </ClInclude>
  </ItemGroup>
  <ItemGroup>
    <ClCompile Include="GraphGenerator.cpp">
      <Filter>GraphGenerators</Filter>
    </ClCompile>
    <ClCompile Include="ServerStartUp.cpp">
      <Filter>Server</Filter>
    </ClCompile>
    <ClCompile Include="ResultReport.cpp">
      <Filter>Results</Filter>
    </ClCompile>
    <ClCompile Include="GraphNode.cpp">
      <Filter>GraphGenerators</Filter>
    </ClCompile>
    <ClCompile Include="DFS.cpp">
      <Filter>GraphAlgorithms\DFS</Filter>
    </ClCompile>
    <ClCompile Include="BFS.cpp">
      <Filter>GraphAlgorithms\BFS</Filter>
    </ClCompile>
    <ClCompile Include="ServerCommand.cpp">
      <Filter>ServerCommand</Filter>
    </ClCompile>
  </ItemGroup>
</Project>