<?xml version="1.0" encoding="utf-8"?>
<Project ToolsVersion="4.0" xmlns="http://schemas.microsoft.com/developer/msbuild/2003">
  <ItemGroup>
    <Filter Include="GraphAlgorithms">
      <UniqueIdentifier>{1142b7fe-6cf9-4a84-bdf6-cd80f6eea068}</UniqueIdentifier>
    </Filter>
    <Filter Include="GraphAlgorithms\SingleThread">
      <UniqueIdentifier>{170ed9a7-c66c-4269-ba78-3e4479d7efd0}</UniqueIdentifier>
    </Filter>
    <Filter Include="GraphGenerators">
      <UniqueIdentifier>{a3a15a59-9f68-429b-aafa-c99da898925b}</UniqueIdentifier>
    </Filter>
    <Filter Include="GraphAlgorithms\CppThreads">
      <UniqueIdentifier>{7a590915-d8e3-4cea-a1ee-f699024aa394}</UniqueIdentifier>
    </Filter>
    <Filter Include="DataStructures">
      <UniqueIdentifier>{a8d531a5-0cdc-4738-89f0-e1d2aed9c530}</UniqueIdentifier>
    </Filter>
    <Filter Include="DataStructures\DataQueues">
      <UniqueIdentifier>{159854bc-810d-4f14-a26c-83c4127c4fd5}</UniqueIdentifier>
    </Filter>
    <Filter Include="DataStructures\DataStacks">
      <UniqueIdentifier>{a03bda88-0fb5-4497-80d0-5862660b06c1}</UniqueIdentifier>
    </Filter>
    <Filter Include="DataStructures\ThreadPool">
      <UniqueIdentifier>{31701830-2de7-4f90-9a91-604b3bcb2ab4}</UniqueIdentifier>
    </Filter>
    <Filter Include="DataStructures\VisistedArray">
      <UniqueIdentifier>{db08d650-0d59-4b33-86a3-6eac3eb8a971}</UniqueIdentifier>
    </Filter>
    <Filter Include="XML Parser">
      <UniqueIdentifier>{375ba34f-4a67-4eb9-919f-16f4f7023dd1}</UniqueIdentifier>
    </Filter>
    <Filter Include="Server">
      <UniqueIdentifier>{7eb86345-91b5-4469-93eb-76236ca44b83}</UniqueIdentifier>
    </Filter>
    <Filter Include="CommandsAndResults">
      <UniqueIdentifier>{ab9ef65a-4153-4765-ad33-048e50e80bea}</UniqueIdentifier>
    </Filter>
  </ItemGroup>
  <ItemGroup>
    <ClInclude Include="SingleThreadGraphAlgorithms.h">
      <Filter>GraphAlgorithms\SingleThread</Filter>
    </ClInclude>
    <ClInclude Include="GraphGenerator.h">
      <Filter>GraphGenerators</Filter>
    </ClInclude>
    <ClInclude Include="CppThreadsGraphAlgorithms.h">
      <Filter>GraphAlgorithms\CppThreads</Filter>
    </ClInclude>
    <ClInclude Include="ThreadPool.h">
      <Filter>DataStructures\ThreadPool</Filter>
    </ClInclude>
    <ClInclude Include="JoinThreads.h">
      <Filter>DataStructures\ThreadPool</Filter>
    </ClInclude>
    <ClInclude Include="DataNode.h">
      <Filter>DataStructures</Filter>
    </ClInclude>
    <ClInclude Include="VisitedArrayCppThreads.h">
      <Filter>DataStructures\VisistedArray</Filter>
    </ClInclude>
    <ClInclude Include="DataStackSingleThread.h">
      <Filter>DataStructures\DataStacks</Filter>
    </ClInclude>
    <ClInclude Include="DataQueueSingleThread.h">
      <Filter>DataStructures\DataQueues</Filter>
    </ClInclude>
    <ClInclude Include="DataQueueCppThreads.h">
      <Filter>DataStructures\DataQueues</Filter>
    </ClInclude>
    <ClInclude Include="DataStackCppThreads.h">
      <Filter>DataStructures\DataStacks</Filter>
    </ClInclude>
    <ClInclude Include="VisitedArraySingleThread.h">
      <Filter>DataStructures\VisistedArray</Filter>
    </ClInclude>
    <ClInclude Include="GraphNode.h">
      <Filter>GraphGenerators</Filter>
    </ClInclude>
    <ClInclude Include="NodeResultReport.h">
      <Filter>CommandsAndResults</Filter>
    </ClInclude>
    <ClInclude Include="ResultReport.h">
      <Filter>CommandsAndResults</Filter>
    </ClInclude>
    <ClInclude Include="pugiconfig.hpp">
      <Filter>XML Parser</Filter>
    </ClInclude>
    <ClInclude Include="pugixml.hpp">
      <Filter>XML Parser</Filter>
    </ClInclude>
    <ClInclude Include="GraphAlgorithms.h">
      <Filter>GraphAlgorithms</Filter>
    </ClInclude>
    <ClInclude Include="ServerStartUp.h">
      <Filter>Server</Filter>
    </ClInclude>
    <ClInclude Include="ServerCommand.h">
      <Filter>CommandsAndResults</Filter>
    </ClInclude>
  </ItemGroup>
  <ItemGroup>
    <ClCompile Include="SingleThreadGraphAlgorithms.cpp">
      <Filter>GraphAlgorithms\SingleThread</Filter>
    </ClCompile>
    <ClCompile Include="GraphGenerator.cpp">
      <Filter>GraphGenerators</Filter>
    </ClCompile>
    <ClCompile Include="CppThreadsGraphAlgorithms.cpp">
      <Filter>GraphAlgorithms\CppThreads</Filter>
    </ClCompile>
    <ClCompile Include="ServerStartUp.cpp">
      <Filter>Server</Filter>
    </ClCompile>
    <ClCompile Include="pugixml.cpp">
      <Filter>XML Parser</Filter>
    </ClCompile>
    <ClCompile Include="ResultReport.cpp">
      <Filter>CommandsAndResults</Filter>
    </ClCompile>
    <ClCompile Include="ServerCommand.cpp">
      <Filter>CommandsAndResults</Filter>
    </ClCompile>
    <ClCompile Include="GraphNode.cpp">
      <Filter>GraphGenerators</Filter>
    </ClCompile>
  </ItemGroup>
</Project>